
Microsoft Visual Studio Solution File, Format Version 12.00
# Visual Studio Version 16
VisualStudioVersion = 16.0.33920.266
MinimumVisualStudioVersion = 10.0.40219.1
Project("{FAE04EC0-301F-11D3-BF4B-00C04F79EFBC}") = "WHILE-DO", "WHILE-DO\WHILE-DO.csproj", "{3901EA98-FF52-4D4C-B036-C106FD88D49D}"
EndProject
Global
	GlobalSection(SolutionConfigurationPlatforms) = preSolution
		Debug|Any CPU = Debug|Any CPU
		Release|Any CPU = Release|Any CPU
	EndGlobalSection
	GlobalSection(ProjectConfigurationPlatforms) = postSolution
		{3901EA98-FF52-4D4C-B036-C106FD88D49D}.Debug|Any CPU.ActiveCfg = Debug|Any CPU
		{3901EA98-FF52-4D4C-B036-C106FD88D49D}.Debug|Any CPU.Build.0 = Debug|Any CPU
		{3901EA98-FF52-4D4C-B036-C106FD88D49D}.Release|Any CPU.ActiveCfg = Release|Any CPU
		{3901EA98-FF52-4D4C-B036-C106FD88D49D}.Release|Any CPU.Build.0 = Release|Any CPU
	EndGlobalSection
	GlobalSection(SolutionProperties) = preSolution
		HideSolutionNode = FALSE
	EndGlobalSection
	GlobalSection(ExtensibilityGlobals) = postSolution
		SolutionGuid = {96F4E4CD-C881-4D2D-98C2-B0947CF20419}
	EndGlobalSection
EndGlobal
