
Microsoft Visual Studio Solution File, Format Version 12.00
# Visual Studio Version 16
VisualStudioVersion = 16.0.32929.386
MinimumVisualStudioVersion = 10.0.40219.1
Project("{FAE04EC0-301F-11D3-BF4B-00C04F79EFBC}") = "Buòi", "Buòi\Buòi.csproj", "{17A1CD07-4249-4049-AA89-F9F10348C181}"
EndProject
Project("{FAE04EC0-301F-11D3-BF4B-00C04F79EFBC}") = "Buoi2", "Buoi2\Buoi2.csproj", "{D643D23D-C8FD-4908-8F24-A2972B73D73C}"
EndProject
Global
	GlobalSection(SolutionConfigurationPlatforms) = preSolution
		Debug|Any CPU = Debug|Any CPU
		Release|Any CPU = Release|Any CPU
	EndGlobalSection
	GlobalSection(ProjectConfigurationPlatforms) = postSolution
		{17A1CD07-4249-4049-AA89-F9F10348C181}.Debug|Any CPU.ActiveCfg = Debug|Any CPU
		{17A1CD07-4249-4049-AA89-F9F10348C181}.Debug|Any CPU.Build.0 = Debug|Any CPU
		{17A1CD07-4249-4049-AA89-F9F10348C181}.Release|Any CPU.ActiveCfg = Release|Any CPU
		{17A1CD07-4249-4049-AA89-F9F10348C181}.Release|Any CPU.Build.0 = Release|Any CPU
		{D643D23D-C8FD-4908-8F24-A2972B73D73C}.Debug|Any CPU.ActiveCfg = Debug|Any CPU
		{D643D23D-C8FD-4908-8F24-A2972B73D73C}.Debug|Any CPU.Build.0 = Debug|Any CPU
		{D643D23D-C8FD-4908-8F24-A2972B73D73C}.Release|Any CPU.ActiveCfg = Release|Any CPU
		{D643D23D-C8FD-4908-8F24-A2972B73D73C}.Release|Any CPU.Build.0 = Release|Any CPU
	EndGlobalSection
	GlobalSection(SolutionProperties) = preSolution
		HideSolutionNode = FALSE
	EndGlobalSection
	GlobalSection(ExtensibilityGlobals) = postSolution
		SolutionGuid = {218F1271-870B-4449-A59C-3F4064338D5E}
	EndGlobalSection
EndGlobal
